
Microsoft Visual Studio Solution File, Format Version 12.00
# Visual Studio Version 17
VisualStudioVersion = 17.2.32526.322
MinimumVisualStudioVersion = 10.0.40219.1
Project("{9A19103F-16F7-4668-BE54-9A1E7A4F7556}") = "DataAccess", "DataAccess\DataAccess.csproj", "{6393DFC2-8050-421E-86E9-5252A294013C}"
EndProject
Project("{9A19103F-16F7-4668-BE54-9A1E7A4F7556}") = "Business", "Business\Business.csproj", "{D3ED798B-626D-4C46-916F-06943DF71D60}"
EndProject
Project("{9A19103F-16F7-4668-BE54-9A1E7A4F7556}") = "Entities", "Entities\Entities.csproj", "{8286D5E2-A2E4-4C7B-A61C-C785345A3FF4}"
EndProject
Project("{9A19103F-16F7-4668-BE54-9A1E7A4F7556}") = "ConsoleUI", "ConsoleUI\ConsoleUI.csproj", "{7B84D8BD-181E-4286-BA75-6FAB42054DAB}"
EndProject
Project("{FAE04EC0-301F-11D3-BF4B-00C04F79EFBC}") = "Core", "Core\Core.csproj", "{BADEA153-4EC4-4CDB-B261-96C86A68C001}"
EndProject
Global
	GlobalSection(SolutionConfigurationPlatforms) = preSolution
		Debug|Any CPU = Debug|Any CPU
		Release|Any CPU = Release|Any CPU
	EndGlobalSection
	GlobalSection(ProjectConfigurationPlatforms) = postSolution
		{6393DFC2-8050-421E-86E9-5252A294013C}.Debug|Any CPU.ActiveCfg = Debug|Any CPU
		{6393DFC2-8050-421E-86E9-5252A294013C}.Debug|Any CPU.Build.0 = Debug|Any CPU
		{6393DFC2-8050-421E-86E9-5252A294013C}.Release|Any CPU.ActiveCfg = Release|Any CPU
		{6393DFC2-8050-421E-86E9-5252A294013C}.Release|Any CPU.Build.0 = Release|Any CPU
		{D3ED798B-626D-4C46-916F-06943DF71D60}.Debug|Any CPU.ActiveCfg = Debug|Any CPU
		{D3ED798B-626D-4C46-916F-06943DF71D60}.Debug|Any CPU.Build.0 = Debug|Any CPU
		{D3ED798B-626D-4C46-916F-06943DF71D60}.Release|Any CPU.ActiveCfg = Release|Any CPU
		{D3ED798B-626D-4C46-916F-06943DF71D60}.Release|Any CPU.Build.0 = Release|Any CPU
		{8286D5E2-A2E4-4C7B-A61C-C785345A3FF4}.Debug|Any CPU.ActiveCfg = Debug|Any CPU
		{8286D5E2-A2E4-4C7B-A61C-C785345A3FF4}.Debug|Any CPU.Build.0 = Debug|Any CPU
		{8286D5E2-A2E4-4C7B-A61C-C785345A3FF4}.Release|Any CPU.ActiveCfg = Release|Any CPU
		{8286D5E2-A2E4-4C7B-A61C-C785345A3FF4}.Release|Any CPU.Build.0 = Release|Any CPU
		{7B84D8BD-181E-4286-BA75-6FAB42054DAB}.Debug|Any CPU.ActiveCfg = Debug|Any CPU
		{7B84D8BD-181E-4286-BA75-6FAB42054DAB}.Debug|Any CPU.Build.0 = Debug|Any CPU
		{7B84D8BD-181E-4286-BA75-6FAB42054DAB}.Release|Any CPU.ActiveCfg = Release|Any CPU
		{7B84D8BD-181E-4286-BA75-6FAB42054DAB}.Release|Any CPU.Build.0 = Release|Any CPU
		{BADEA153-4EC4-4CDB-B261-96C86A68C001}.Debug|Any CPU.ActiveCfg = Debug|Any CPU
		{BADEA153-4EC4-4CDB-B261-96C86A68C001}.Debug|Any CPU.Build.0 = Debug|Any CPU
		{BADEA153-4EC4-4CDB-B261-96C86A68C001}.Release|Any CPU.ActiveCfg = Release|Any CPU
		{BADEA153-4EC4-4CDB-B261-96C86A68C001}.Release|Any CPU.Build.0 = Release|Any CPU
	EndGlobalSection
	GlobalSection(SolutionProperties) = preSolution
		HideSolutionNode = FALSE
	EndGlobalSection
	GlobalSection(ExtensibilityGlobals) = postSolution
		SolutionGuid = {2E1CFCAE-ECAD-4F25-B623-76614E3E3870}
	EndGlobalSection
EndGlobal
